
Microsoft Visual Studio Solution File, Format Version 12.00
# Visual Studio Version 17
VisualStudioVersion = 17.9.34728.123
MinimumVisualStudioVersion = 10.0.40219.1
Project("{9A19103F-16F7-4668-BE54-9A1E7A4F7556}") = "Lab_14", "Lab_14\Lab_14.csproj", "{5C7A9345-F101-4B4F-8E2E-D394E0D053AE}"
EndProject
Project("{FAE04EC0-301F-11D3-BF4B-00C04F79EFBC}") = "Lab14_Tests", "Lab14_Tests\Lab14_Tests.csproj", "{99F42B83-6654-4324-94C1-A6B0B5B0198E}"
EndProject
Global
	GlobalSection(SolutionConfigurationPlatforms) = preSolution
		Debug|Any CPU = Debug|Any CPU
		Release|Any CPU = Release|Any CPU
	EndGlobalSection
	GlobalSection(ProjectConfigurationPlatforms) = postSolution
		{5C7A9345-F101-4B4F-8E2E-D394E0D053AE}.Debug|Any CPU.ActiveCfg = Debug|Any CPU
		{5C7A9345-F101-4B4F-8E2E-D394E0D053AE}.Debug|Any CPU.Build.0 = Debug|Any CPU
		{5C7A9345-F101-4B4F-8E2E-D394E0D053AE}.Release|Any CPU.ActiveCfg = Release|Any CPU
		{5C7A9345-F101-4B4F-8E2E-D394E0D053AE}.Release|Any CPU.Build.0 = Release|Any CPU
		{99F42B83-6654-4324-94C1-A6B0B5B0198E}.Debug|Any CPU.ActiveCfg = Debug|Any CPU
		{99F42B83-6654-4324-94C1-A6B0B5B0198E}.Debug|Any CPU.Build.0 = Debug|Any CPU
		{99F42B83-6654-4324-94C1-A6B0B5B0198E}.Release|Any CPU.ActiveCfg = Release|Any CPU
		{99F42B83-6654-4324-94C1-A6B0B5B0198E}.Release|Any CPU.Build.0 = Release|Any CPU
	EndGlobalSection
	GlobalSection(SolutionProperties) = preSolution
		HideSolutionNode = FALSE
	EndGlobalSection
	GlobalSection(ExtensibilityGlobals) = postSolution
		SolutionGuid = {92E84663-A040-4A9F-98CC-A7AD615F3C4A}
	EndGlobalSection
EndGlobal
